// !$*UTF8*$!
{
	archiveVersion = 1;
	classes = {
	};
	objectVersion = 77;
	objects = {

/* Begin PBXBuildFile section */
		4E5B43742CBCAAF200F7E850 /* SettingsCell.swift in Sources */ = {isa = PBXBuildFile; fileRef = 4E5B43732CBCAAF200F7E850 /* SettingsCell.swift */; };
		4E5B43762CBCAB2C00F7E850 /* MenuItem.swift in Sources */ = {isa = PBXBuildFile; fileRef = 4E5B43752CBCAB2C00F7E850 /* MenuItem.swift */; };
		4E5B43782CBCAB7500F7E850 /* CustomAlertView.swift in Sources */ = {isa = PBXBuildFile; fileRef = 4E5B43772CBCAB7500F7E850 /* CustomAlertView.swift */; };
		4EF2A9F22CC074AA002E1956 /* ExploreOpportunitiesCell.swift in Sources */ = {isa = PBXBuildFile; fileRef = 4EF2A9F12CC074AA002E1956 /* ExploreOpportunitiesCell.swift */; };
		4EF2A9F62CC1F49C002E1956 /* Opportunity.swift in Sources */ = {isa = PBXBuildFile; fileRef = 4EF2A9F52CC1F49C002E1956 /* Opportunity.swift */; };
		4EF2A9F82CC206D8002E1956 /* Cities.swift in Sources */ = {isa = PBXBuildFile; fileRef = 4EF2A9F72CC206CE002E1956 /* Cities.swift */; };
		4EF2A9FA2CC2E988002E1956 /* Organization.swift in Sources */ = {isa = PBXBuildFile; fileRef = 4EF2A9F92CC2E984002E1956 /* Organization.swift */; };
		4EF2A9FE2CC3134E002E1956 /* FiltrationCell.swift in Sources */ = {isa = PBXBuildFile; fileRef = 4EF2A9FD2CC3134E002E1956 /* FiltrationCell.swift */; };
		4EF2AA002CC31362002E1956 /* FiltrationVC.swift in Sources */ = {isa = PBXBuildFile; fileRef = 4EF2A9FF2CC31362002E1956 /* FiltrationVC.swift */; };
		4EF2AA032CC31874002E1956 /* FiltrationHeaderView.swift in Sources */ = {isa = PBXBuildFile; fileRef = 4EF2AA022CC31874002E1956 /* FiltrationHeaderView.swift */; };
		4EF2AA052CC331C3002E1956 /* OpportunityVC.swift in Sources */ = {isa = PBXBuildFile; fileRef = 4EF2AA042CC331C3002E1956 /* OpportunityVC.swift */; };
		4EF2AA072CC4C1EF002E1956 /* OrganizationVC.swift in Sources */ = {isa = PBXBuildFile; fileRef = 4EF2AA062CC4C1EF002E1956 /* OrganizationVC.swift */; };
		4EF2AA092CC4CB97002E1956 /* AcceptanceApplyVC.swift in Sources */ = {isa = PBXBuildFile; fileRef = 4EF2AA082CC4CB97002E1956 /* AcceptanceApplyVC.swift */; };
		4EF2AA0B2CC4D09F002E1956 /* StandardAcceptanceVC.swift in Sources */ = {isa = PBXBuildFile; fileRef = 4EF2AA0A2CC4D09F002E1956 /* StandardAcceptanceVC.swift */; };
		4EF2AA0D2CC5D93B002E1956 /* StorageService.swift in Sources */ = {isa = PBXBuildFile; fileRef = 4EF2AA0C2CC5D938002E1956 /* StorageService.swift */; };
		4EF2AA0F2CC5D962002E1956 /* FirebaseStorage in Frameworks */ = {isa = PBXBuildFile; productRef = 4EF2AA0E2CC5D962002E1956 /* FirebaseStorage */; };
		4EF2AA132CC7352F002E1956 /* OpportunityDataServices.swift in Sources */ = {isa = PBXBuildFile; fileRef = 4EF2AA122CC7352F002E1956 /* OpportunityDataServices.swift */; };
		4EF2AA152CC7649E002E1956 /* Icon.swift in Sources */ = {isa = PBXBuildFile; fileRef = 4EF2AA142CC7649B002E1956 /* Icon.swift */; };
		BE8594C22CC070C300EC84F6 /* WebVC.swift in Sources */ = {isa = PBXBuildFile; fileRef = BE8594C12CC070C300EC84F6 /* WebVC.swift */; };
		BEFB5E502CCBA3E000538D19 /* AboutVC.swift in Sources */ = {isa = PBXBuildFile; fileRef = BEFB5E4F2CCBA3E000538D19 /* AboutVC.swift */; };
		F269FB092CB5914400058592 /* CustomBackgroundView.swift in Sources */ = {isa = PBXBuildFile; fileRef = F269FB082CB5914400058592 /* CustomBackgroundView.swift */; };
		F269FB0B2CB5D4A300058592 /* DashedView.swift in Sources */ = {isa = PBXBuildFile; fileRef = F269FB0A2CB5D4A300058592 /* DashedView.swift */; };
		F26CDBF52CB1B09400AAFFB6 /* OpportunitiesCell.swift in Sources */ = {isa = PBXBuildFile; fileRef = F26CDBF42CB1B09400AAFFB6 /* OpportunitiesCell.swift */; };
		F2D6C95A2CAD0DD1000E1713 /* FirebaseDatabase in Frameworks */ = {isa = PBXBuildFile; productRef = F2D6C9592CAD0DD1000E1713 /* FirebaseDatabase */; };
		F2D6C95C2CAD0DED000E1713 /* FirebaseAppCheck in Frameworks */ = {isa = PBXBuildFile; productRef = F2D6C95B2CAD0DED000E1713 /* FirebaseAppCheck */; };
		F2D6C95F2CAD0E1C000E1713 /* Lottie in Frameworks */ = {isa = PBXBuildFile; productRef = F2D6C95E2CAD0E1C000E1713 /* Lottie */; };
		F2D6C9612CAD0E48000E1713 /* FirebaseAuth in Frameworks */ = {isa = PBXBuildFile; productRef = F2D6C9602CAD0E48000E1713 /* FirebaseAuth */; };
		F2D6C9632CAD0E6F000E1713 /* FirebaseFirestore in Frameworks */ = {isa = PBXBuildFile; productRef = F2D6C9622CAD0E6F000E1713 /* FirebaseFirestore */; };
		F2D6C9662CAD0F97000E1713 /* GoogleMaps in Frameworks */ = {isa = PBXBuildFile; productRef = F2D6C9652CAD0F97000E1713 /* GoogleMaps */; };
		F2D6C9692CAD1035000E1713 /* IQKeyboardManagerSwift in Frameworks */ = {isa = PBXBuildFile; productRef = F2D6C9682CAD1035000E1713 /* IQKeyboardManagerSwift */; };
		F2D6C9A12CAD19F5000E1713 /* MainExtensions.swift in Sources */ = {isa = PBXBuildFile; fileRef = F2D6C96A2CAD19F5000E1713 /* MainExtensions.swift */; };
		F2D6C9A22CAD19F5000E1713 /* StringExtensions.swift in Sources */ = {isa = PBXBuildFile; fileRef = F2D6C96B2CAD19F5000E1713 /* StringExtensions.swift */; };
		F2D6C9A32CAD19F5000E1713 /* AppDelegate.swift in Sources */ = {isa = PBXBuildFile; fileRef = F2D6C96D2CAD19F5000E1713 /* AppDelegate.swift */; };
		F2D6C9A42CAD19F5000E1713 /* SceneDelegate.swift in Sources */ = {isa = PBXBuildFile; fileRef = F2D6C96E2CAD19F5000E1713 /* SceneDelegate.swift */; };
		F2D6C9A52CAD19F5000E1713 /* Coordinator.swift in Sources */ = {isa = PBXBuildFile; fileRef = F2D6C9702CAD19F5000E1713 /* Coordinator.swift */; };
		F2D6C9A62CAD19F5000E1713 /* MainCoordinator.swift in Sources */ = {isa = PBXBuildFile; fileRef = F2D6C9712CAD19F5000E1713 /* MainCoordinator.swift */; };
		F2D6C9A72CAD19F5000E1713 /* Storyboarded.swift in Sources */ = {isa = PBXBuildFile; fileRef = F2D6C9722CAD19F5000E1713 /* Storyboarded.swift */; };
		F2D6C9A82CAD19F5000E1713 /* AppCheckProviderFactory.swift in Sources */ = {isa = PBXBuildFile; fileRef = F2D6C97B2CAD19F5000E1713 /* AppCheckProviderFactory.swift */; };
		F2D6C9A92CAD19F5000E1713 /* Constants.swift in Sources */ = {isa = PBXBuildFile; fileRef = F2D6C97C2CAD19F5000E1713 /* Constants.swift */; };
		F2D6C9AA2CAD19F5000E1713 /* MessageView.swift in Sources */ = {isa = PBXBuildFile; fileRef = F2D6C97D2CAD19F5000E1713 /* MessageView.swift */; };
		F2D6C9AB2CAD19F5000E1713 /* InterestsCell.swift in Sources */ = {isa = PBXBuildFile; fileRef = F2D6C9832CAD19F5000E1713 /* InterestsCell.swift */; };
		F2D6C9AC2CAD19F5000E1713 /* ContainerVC.swift in Sources */ = {isa = PBXBuildFile; fileRef = F2D6C9852CAD19F5000E1713 /* ContainerVC.swift */; };
		F2D6C9AD2CAD19F5000E1713 /* EducationVC.swift in Sources */ = {isa = PBXBuildFile; fileRef = F2D6C9862CAD19F5000E1713 /* EducationVC.swift */; };
		F2D6C9AE2CAD19F5000E1713 /* ExploreVC.swift in Sources */ = {isa = PBXBuildFile; fileRef = F2D6C9872CAD19F5000E1713 /* ExploreVC.swift */; };
		F2D6C9AF2CAD19F5000E1713 /* ForgetPasswordVC.swift in Sources */ = {isa = PBXBuildFile; fileRef = F2D6C9882CAD19F5000E1713 /* ForgetPasswordVC.swift */; };
		F2D6C9B02CAD19F5000E1713 /* HomeVC.swift in Sources */ = {isa = PBXBuildFile; fileRef = F2D6C9892CAD19F5000E1713 /* HomeVC.swift */; };
		F2D6C9B12CAD19F5000E1713 /* LoginVC.swift in Sources */ = {isa = PBXBuildFile; fileRef = F2D6C98A2CAD19F5000E1713 /* LoginVC.swift */; };
		F2D6C9B22CAD19F5000E1713 /* MapVC.swift in Sources */ = {isa = PBXBuildFile; fileRef = F2D6C98B2CAD19F5000E1713 /* MapVC.swift */; };
		F2D6C9B32CAD19F5000E1713 /* NavigationVC.swift in Sources */ = {isa = PBXBuildFile; fileRef = F2D6C98C2CAD19F5000E1713 /* NavigationVC.swift */; };
		F2D6C9B42CAD19F5000E1713 /* ProfileVC.swift in Sources */ = {isa = PBXBuildFile; fileRef = F2D6C98D2CAD19F5000E1713 /* ProfileVC.swift */; };
		F2D6C9B52CAD19F5000E1713 /* StudentsAccountVC.swift in Sources */ = {isa = PBXBuildFile; fileRef = F2D6C98E2CAD19F5000E1713 /* StudentsAccountVC.swift */; };
		F2D6C9B62CAD19F5000E1713 /* InterestCategories.swift in Sources */ = {isa = PBXBuildFile; fileRef = F2D6C9902CAD19F5000E1713 /* InterestCategories.swift */; };
		F2D6C9B72CAD19F5000E1713 /* Student.swift in Sources */ = {isa = PBXBuildFile; fileRef = F2D6C9912CAD19F5000E1713 /* Student.swift */; };
		F2D6C9B82CAD19F5000E1713 /* AuthService.swift in Sources */ = {isa = PBXBuildFile; fileRef = F2D6C9992CAD19F5000E1713 /* AuthService.swift */; };
		F2D6C9B92CAD19F5000E1713 /* StudentDataServices.swift in Sources */ = {isa = PBXBuildFile; fileRef = F2D6C99A2CAD19F5000E1713 /* StudentDataServices.swift */; };
		F2D6C9BA2CAD19F5000E1713 /* CairoRegular.ttf in Resources */ = {isa = PBXBuildFile; fileRef = F2D6C9742CAD19F5000E1713 /* CairoRegular.ttf */; };
		F2D6C9BB2CAD19F5000E1713 /* CairoBlack.ttf in Resources */ = {isa = PBXBuildFile; fileRef = F2D6C9752CAD19F5000E1713 /* CairoBlack.ttf */; };
		F2D6C9BC2CAD19F5000E1713 /* CairoBold.ttf in Resources */ = {isa = PBXBuildFile; fileRef = F2D6C9762CAD19F5000E1713 /* CairoBold.ttf */; };
		F2D6C9BD2CAD19F5000E1713 /* CairoLight.ttf in Resources */ = {isa = PBXBuildFile; fileRef = F2D6C9772CAD19F5000E1713 /* CairoLight.ttf */; };
		F2D6C9BE2CAD19F5000E1713 /* CairoMedium.ttf in Resources */ = {isa = PBXBuildFile; fileRef = F2D6C9782CAD19F5000E1713 /* CairoMedium.ttf */; };
		F2D6C9BF2CAD19F5000E1713 /* CairoSemiBold.ttf in Resources */ = {isa = PBXBuildFile; fileRef = F2D6C9792CAD19F5000E1713 /* CairoSemiBold.ttf */; };
		F2D6C9C02CAD19F5000E1713 /* correct.json in Resources */ = {isa = PBXBuildFile; fileRef = F2D6C97F2CAD19F5000E1713 /* correct.json */; };
		F2D6C9C12CAD19F5000E1713 /* loading.json in Resources */ = {isa = PBXBuildFile; fileRef = F2D6C9802CAD19F5000E1713 /* loading.json */; };
		F2D6C9C22CAD19F5000E1713 /* warning.json in Resources */ = {isa = PBXBuildFile; fileRef = F2D6C9812CAD19F5000E1713 /* warning.json */; };
		F2D6C9C32CAD19F5000E1713 /* LaunchScreen.storyboard in Resources */ = {isa = PBXBuildFile; fileRef = F2D6C9942CAD19F5000E1713 /* LaunchScreen.storyboard */; };
		F2D6C9C42CAD19F5000E1713 /* Main.storyboard in Resources */ = {isa = PBXBuildFile; fileRef = F2D6C9962CAD19F5000E1713 /* Main.storyboard */; };
		F2D6C9C52CAD19F5000E1713 /* Assets.xcassets in Resources */ = {isa = PBXBuildFile; fileRef = F2D6C99C2CAD19F5000E1713 /* Assets.xcassets */; };
		F2D6C9C62CAD19F5000E1713 /* GoogleService-Info.plist in Resources */ = {isa = PBXBuildFile; fileRef = F2D6C99D2CAD19F5000E1713 /* GoogleService-Info.plist */; };
/* End PBXBuildFile section */

/* Begin PBXFileReference section */
		4E14CFC02C9E2FE400103405 /* Tatawei Student.app */ = {isa = PBXFileReference; explicitFileType = wrapper.application; includeInIndex = 0; path = "Tatawei Student.app"; sourceTree = BUILT_PRODUCTS_DIR; };
		4E5B43732CBCAAF200F7E850 /* SettingsCell.swift */ = {isa = PBXFileReference; lastKnownFileType = sourcecode.swift; path = SettingsCell.swift; sourceTree = "<group>"; };
		4E5B43752CBCAB2C00F7E850 /* MenuItem.swift */ = {isa = PBXFileReference; lastKnownFileType = sourcecode.swift; path = MenuItem.swift; sourceTree = "<group>"; };
		4E5B43772CBCAB7500F7E850 /* CustomAlertView.swift */ = {isa = PBXFileReference; lastKnownFileType = sourcecode.swift; path = CustomAlertView.swift; sourceTree = "<group>"; };
		4EF2A9F12CC074AA002E1956 /* ExploreOpportunitiesCell.swift */ = {isa = PBXFileReference; lastKnownFileType = sourcecode.swift; path = ExploreOpportunitiesCell.swift; sourceTree = "<group>"; };
		4EF2A9F52CC1F49C002E1956 /* Opportunity.swift */ = {isa = PBXFileReference; lastKnownFileType = sourcecode.swift; path = Opportunity.swift; sourceTree = "<group>"; };
		4EF2A9F72CC206CE002E1956 /* Cities.swift */ = {isa = PBXFileReference; lastKnownFileType = sourcecode.swift; path = Cities.swift; sourceTree = "<group>"; };
		4EF2A9F92CC2E984002E1956 /* Organization.swift */ = {isa = PBXFileReference; lastKnownFileType = sourcecode.swift; path = Organization.swift; sourceTree = "<group>"; };
		4EF2A9FD2CC3134E002E1956 /* FiltrationCell.swift */ = {isa = PBXFileReference; lastKnownFileType = sourcecode.swift; path = FiltrationCell.swift; sourceTree = "<group>"; };
		4EF2A9FF2CC31362002E1956 /* FiltrationVC.swift */ = {isa = PBXFileReference; lastKnownFileType = sourcecode.swift; path = FiltrationVC.swift; sourceTree = "<group>"; };
		4EF2AA022CC31874002E1956 /* FiltrationHeaderView.swift */ = {isa = PBXFileReference; lastKnownFileType = sourcecode.swift; path = FiltrationHeaderView.swift; sourceTree = "<group>"; };
		4EF2AA042CC331C3002E1956 /* OpportunityVC.swift */ = {isa = PBXFileReference; lastKnownFileType = sourcecode.swift; path = OpportunityVC.swift; sourceTree = "<group>"; };
		4EF2AA062CC4C1EF002E1956 /* OrganizationVC.swift */ = {isa = PBXFileReference; lastKnownFileType = sourcecode.swift; path = OrganizationVC.swift; sourceTree = "<group>"; };
		4EF2AA082CC4CB97002E1956 /* AcceptanceApplyVC.swift */ = {isa = PBXFileReference; lastKnownFileType = sourcecode.swift; path = AcceptanceApplyVC.swift; sourceTree = "<group>"; };
		4EF2AA0A2CC4D09F002E1956 /* StandardAcceptanceVC.swift */ = {isa = PBXFileReference; lastKnownFileType = sourcecode.swift; path = StandardAcceptanceVC.swift; sourceTree = "<group>"; };
		4EF2AA0C2CC5D938002E1956 /* StorageService.swift */ = {isa = PBXFileReference; lastKnownFileType = sourcecode.swift; path = StorageService.swift; sourceTree = "<group>"; };
		4EF2AA122CC7352F002E1956 /* OpportunityDataServices.swift */ = {isa = PBXFileReference; lastKnownFileType = sourcecode.swift; path = OpportunityDataServices.swift; sourceTree = "<group>"; };
		4EF2AA142CC7649B002E1956 /* Icon.swift */ = {isa = PBXFileReference; lastKnownFileType = sourcecode.swift; path = Icon.swift; sourceTree = "<group>"; };
		BE8594C12CC070C300EC84F6 /* WebVC.swift */ = {isa = PBXFileReference; lastKnownFileType = sourcecode.swift; path = WebVC.swift; sourceTree = "<group>"; };
		BEFB5E4F2CCBA3E000538D19 /* AboutVC.swift */ = {isa = PBXFileReference; lastKnownFileType = sourcecode.swift; path = AboutVC.swift; sourceTree = "<group>"; };
		F269FB082CB5914400058592 /* CustomBackgroundView.swift */ = {isa = PBXFileReference; lastKnownFileType = sourcecode.swift; path = CustomBackgroundView.swift; sourceTree = "<group>"; };
		F269FB0A2CB5D4A300058592 /* DashedView.swift */ = {isa = PBXFileReference; lastKnownFileType = sourcecode.swift; path = DashedView.swift; sourceTree = "<group>"; };
		F26CDBF42CB1B09400AAFFB6 /* OpportunitiesCell.swift */ = {isa = PBXFileReference; lastKnownFileType = sourcecode.swift; path = OpportunitiesCell.swift; sourceTree = "<group>"; };
		F2D6C96A2CAD19F5000E1713 /* MainExtensions.swift */ = {isa = PBXFileReference; lastKnownFileType = sourcecode.swift; path = MainExtensions.swift; sourceTree = "<group>"; };
		F2D6C96B2CAD19F5000E1713 /* StringExtensions.swift */ = {isa = PBXFileReference; lastKnownFileType = sourcecode.swift; path = StringExtensions.swift; sourceTree = "<group>"; };
		F2D6C96D2CAD19F5000E1713 /* AppDelegate.swift */ = {isa = PBXFileReference; lastKnownFileType = sourcecode.swift; path = AppDelegate.swift; sourceTree = "<group>"; };
		F2D6C96E2CAD19F5000E1713 /* SceneDelegate.swift */ = {isa = PBXFileReference; lastKnownFileType = sourcecode.swift; path = SceneDelegate.swift; sourceTree = "<group>"; };
		F2D6C9702CAD19F5000E1713 /* Coordinator.swift */ = {isa = PBXFileReference; lastKnownFileType = sourcecode.swift; path = Coordinator.swift; sourceTree = "<group>"; };
		F2D6C9712CAD19F5000E1713 /* MainCoordinator.swift */ = {isa = PBXFileReference; lastKnownFileType = sourcecode.swift; path = MainCoordinator.swift; sourceTree = "<group>"; };
		F2D6C9722CAD19F5000E1713 /* Storyboarded.swift */ = {isa = PBXFileReference; lastKnownFileType = sourcecode.swift; path = Storyboarded.swift; sourceTree = "<group>"; };
		F2D6C9742CAD19F5000E1713 /* CairoRegular.ttf */ = {isa = PBXFileReference; lastKnownFileType = file; path = CairoRegular.ttf; sourceTree = "<group>"; };
		F2D6C9752CAD19F5000E1713 /* CairoBlack.ttf */ = {isa = PBXFileReference; lastKnownFileType = file; path = CairoBlack.ttf; sourceTree = "<group>"; };
		F2D6C9762CAD19F5000E1713 /* CairoBold.ttf */ = {isa = PBXFileReference; lastKnownFileType = file; path = CairoBold.ttf; sourceTree = "<group>"; };
		F2D6C9772CAD19F5000E1713 /* CairoLight.ttf */ = {isa = PBXFileReference; lastKnownFileType = file; path = CairoLight.ttf; sourceTree = "<group>"; };
		F2D6C9782CAD19F5000E1713 /* CairoMedium.ttf */ = {isa = PBXFileReference; lastKnownFileType = file; path = CairoMedium.ttf; sourceTree = "<group>"; };
		F2D6C9792CAD19F5000E1713 /* CairoSemiBold.ttf */ = {isa = PBXFileReference; lastKnownFileType = file; path = CairoSemiBold.ttf; sourceTree = "<group>"; };
		F2D6C97B2CAD19F5000E1713 /* AppCheckProviderFactory.swift */ = {isa = PBXFileReference; lastKnownFileType = sourcecode.swift; path = AppCheckProviderFactory.swift; sourceTree = "<group>"; };
		F2D6C97C2CAD19F5000E1713 /* Constants.swift */ = {isa = PBXFileReference; lastKnownFileType = sourcecode.swift; path = Constants.swift; sourceTree = "<group>"; };
		F2D6C97D2CAD19F5000E1713 /* MessageView.swift */ = {isa = PBXFileReference; lastKnownFileType = sourcecode.swift; path = MessageView.swift; sourceTree = "<group>"; };
		F2D6C97F2CAD19F5000E1713 /* correct.json */ = {isa = PBXFileReference; lastKnownFileType = text.json; path = correct.json; sourceTree = "<group>"; };
		F2D6C9802CAD19F5000E1713 /* loading.json */ = {isa = PBXFileReference; lastKnownFileType = text.json; path = loading.json; sourceTree = "<group>"; };
		F2D6C9812CAD19F5000E1713 /* warning.json */ = {isa = PBXFileReference; lastKnownFileType = text.json; path = warning.json; sourceTree = "<group>"; };
		F2D6C9832CAD19F5000E1713 /* InterestsCell.swift */ = {isa = PBXFileReference; lastKnownFileType = sourcecode.swift; path = InterestsCell.swift; sourceTree = "<group>"; };
		F2D6C9852CAD19F5000E1713 /* ContainerVC.swift */ = {isa = PBXFileReference; lastKnownFileType = sourcecode.swift; path = ContainerVC.swift; sourceTree = "<group>"; };
		F2D6C9862CAD19F5000E1713 /* EducationVC.swift */ = {isa = PBXFileReference; lastKnownFileType = sourcecode.swift; path = EducationVC.swift; sourceTree = "<group>"; };
		F2D6C9872CAD19F5000E1713 /* ExploreVC.swift */ = {isa = PBXFileReference; lastKnownFileType = sourcecode.swift; path = ExploreVC.swift; sourceTree = "<group>"; };
		F2D6C9882CAD19F5000E1713 /* ForgetPasswordVC.swift */ = {isa = PBXFileReference; lastKnownFileType = sourcecode.swift; path = ForgetPasswordVC.swift; sourceTree = "<group>"; };
		F2D6C9892CAD19F5000E1713 /* HomeVC.swift */ = {isa = PBXFileReference; lastKnownFileType = sourcecode.swift; path = HomeVC.swift; sourceTree = "<group>"; };
		F2D6C98A2CAD19F5000E1713 /* LoginVC.swift */ = {isa = PBXFileReference; lastKnownFileType = sourcecode.swift; path = LoginVC.swift; sourceTree = "<group>"; };
		F2D6C98B2CAD19F5000E1713 /* MapVC.swift */ = {isa = PBXFileReference; lastKnownFileType = sourcecode.swift; path = MapVC.swift; sourceTree = "<group>"; };
		F2D6C98C2CAD19F5000E1713 /* NavigationVC.swift */ = {isa = PBXFileReference; lastKnownFileType = sourcecode.swift; path = NavigationVC.swift; sourceTree = "<group>"; };
		F2D6C98D2CAD19F5000E1713 /* ProfileVC.swift */ = {isa = PBXFileReference; lastKnownFileType = sourcecode.swift; path = ProfileVC.swift; sourceTree = "<group>"; };
		F2D6C98E2CAD19F5000E1713 /* StudentsAccountVC.swift */ = {isa = PBXFileReference; lastKnownFileType = sourcecode.swift; path = StudentsAccountVC.swift; sourceTree = "<group>"; };
		F2D6C9902CAD19F5000E1713 /* InterestCategories.swift */ = {isa = PBXFileReference; lastKnownFileType = sourcecode.swift; path = InterestCategories.swift; sourceTree = "<group>"; };
		F2D6C9912CAD19F5000E1713 /* Student.swift */ = {isa = PBXFileReference; lastKnownFileType = sourcecode.swift; path = Student.swift; sourceTree = "<group>"; };
		F2D6C9932CAD19F5000E1713 /* Base */ = {isa = PBXFileReference; lastKnownFileType = file.storyboard; name = Base; path = Base.lproj/LaunchScreen.storyboard; sourceTree = "<group>"; };
		F2D6C9952CAD19F5000E1713 /* Base */ = {isa = PBXFileReference; lastKnownFileType = file.storyboard; name = Base; path = Base.lproj/Main.storyboard; sourceTree = "<group>"; };
		F2D6C9992CAD19F5000E1713 /* AuthService.swift */ = {isa = PBXFileReference; lastKnownFileType = sourcecode.swift; path = AuthService.swift; sourceTree = "<group>"; };
		F2D6C99A2CAD19F5000E1713 /* StudentDataServices.swift */ = {isa = PBXFileReference; lastKnownFileType = sourcecode.swift; path = StudentDataServices.swift; sourceTree = "<group>"; };
		F2D6C99C2CAD19F5000E1713 /* Assets.xcassets */ = {isa = PBXFileReference; lastKnownFileType = folder.assetcatalog; path = Assets.xcassets; sourceTree = "<group>"; };
		F2D6C99D2CAD19F5000E1713 /* GoogleService-Info.plist */ = {isa = PBXFileReference; lastKnownFileType = text.plist.xml; path = "GoogleService-Info.plist"; sourceTree = "<group>"; };
		F2D6C99E2CAD19F5000E1713 /* Info.plist */ = {isa = PBXFileReference; lastKnownFileType = text.plist.xml; path = Info.plist; sourceTree = "<group>"; };
		F2D6C99F2CAD19F5000E1713 /* Tatawei Student.entitlements */ = {isa = PBXFileReference; lastKnownFileType = text.plist.entitlements; path = "Tatawei Student.entitlements"; sourceTree = "<group>"; };
/* End PBXFileReference section */

/* Begin PBXFrameworksBuildPhase section */
		4E14CFBD2C9E2FE400103405 /* Frameworks */ = {
			isa = PBXFrameworksBuildPhase;
			buildActionMask = 2147483647;
			files = (
				F2D6C9692CAD1035000E1713 /* IQKeyboardManagerSwift in Frameworks */,
				F2D6C95C2CAD0DED000E1713 /* FirebaseAppCheck in Frameworks */,
				F2D6C95A2CAD0DD1000E1713 /* FirebaseDatabase in Frameworks */,
				F2D6C9662CAD0F97000E1713 /* GoogleMaps in Frameworks */,
				F2D6C95F2CAD0E1C000E1713 /* Lottie in Frameworks */,
				4EF2AA0F2CC5D962002E1956 /* FirebaseStorage in Frameworks */,
				F2D6C9632CAD0E6F000E1713 /* FirebaseFirestore in Frameworks */,
				F2D6C9612CAD0E48000E1713 /* FirebaseAuth in Frameworks */,
			);
			runOnlyForDeploymentPostprocessing = 0;
		};
/* End PBXFrameworksBuildPhase section */

/* Begin PBXGroup section */
		4E14CFB72C9E2FE400103405 = {
			isa = PBXGroup;
			children = (
				F2D6C9A02CAD19F5000E1713 /* Tatawei Student */,
				F2D6C9582CAD0DD1000E1713 /* Frameworks */,
				4E14CFC12C9E2FE400103405 /* Products */,
			);
			sourceTree = "<group>";
		};
		4E14CFC12C9E2FE400103405 /* Products */ = {
			isa = PBXGroup;
			children = (
				4E14CFC02C9E2FE400103405 /* Tatawei Student.app */,
			);
			name = Products;
			sourceTree = "<group>";
		};
		4EF2AA012CC31835002E1956 /* CellsHeader */ = {
			isa = PBXGroup;
			children = (
				4EF2AA022CC31874002E1956 /* FiltrationHeaderView.swift */,
			);
			path = CellsHeader;
			sourceTree = "<group>";
		};
		F2D6C9582CAD0DD1000E1713 /* Frameworks */ = {
			isa = PBXGroup;
			children = (
			);
			name = Frameworks;
			sourceTree = "<group>";
		};
		F2D6C96C2CAD19F5000E1713 /*  Extensions */ = {
			isa = PBXGroup;
			children = (
				F269FB082CB5914400058592 /* CustomBackgroundView.swift */,
				F269FB0A2CB5D4A300058592 /* DashedView.swift */,
				F2D6C96A2CAD19F5000E1713 /* MainExtensions.swift */,
				F2D6C96B2CAD19F5000E1713 /* StringExtensions.swift */,
			);
			path = " Extensions";
			sourceTree = "<group>";
		};
		F2D6C96F2CAD19F5000E1713 /* App */ = {
			isa = PBXGroup;
			children = (
				F2D6C96D2CAD19F5000E1713 /* AppDelegate.swift */,
				F2D6C96E2CAD19F5000E1713 /* SceneDelegate.swift */,
			);
			path = App;
			sourceTree = "<group>";
		};
		F2D6C9732CAD19F5000E1713 /* Coordinator */ = {
			isa = PBXGroup;
			children = (
				F2D6C9702CAD19F5000E1713 /* Coordinator.swift */,
				F2D6C9712CAD19F5000E1713 /* MainCoordinator.swift */,
				F2D6C9722CAD19F5000E1713 /* Storyboarded.swift */,
			);
			path = Coordinator;
			sourceTree = "<group>";
		};
		F2D6C97A2CAD19F5000E1713 /* Font */ = {
			isa = PBXGroup;
			children = (
				F2D6C9742CAD19F5000E1713 /* CairoRegular.ttf */,
				F2D6C9752CAD19F5000E1713 /* CairoBlack.ttf */,
				F2D6C9762CAD19F5000E1713 /* CairoBold.ttf */,
				F2D6C9772CAD19F5000E1713 /* CairoLight.ttf */,
				F2D6C9782CAD19F5000E1713 /* CairoMedium.ttf */,
				F2D6C9792CAD19F5000E1713 /* CairoSemiBold.ttf */,
			);
			path = Font;
			sourceTree = "<group>";
		};
		F2D6C97E2CAD19F5000E1713 /* Helpers */ = {
			isa = PBXGroup;
			children = (
				F2D6C97B2CAD19F5000E1713 /* AppCheckProviderFactory.swift */,
				F2D6C97C2CAD19F5000E1713 /* Constants.swift */,
				F2D6C97D2CAD19F5000E1713 /* MessageView.swift */,
				4E5B43772CBCAB7500F7E850 /* CustomAlertView.swift */,
			);
			path = Helpers;
			sourceTree = "<group>";
		};
		F2D6C9822CAD19F5000E1713 /* Lottie */ = {
			isa = PBXGroup;
			children = (
				F2D6C97F2CAD19F5000E1713 /* correct.json */,
				F2D6C9802CAD19F5000E1713 /* loading.json */,
				F2D6C9812CAD19F5000E1713 /* warning.json */,
			);
			path = Lottie;
			sourceTree = "<group>";
		};
		F2D6C9842CAD19F5000E1713 /* Cells */ = {
			isa = PBXGroup;
			children = (
				F2D6C9832CAD19F5000E1713 /* InterestsCell.swift */,
				4E5B43732CBCAAF200F7E850 /* SettingsCell.swift */,
				F26CDBF42CB1B09400AAFFB6 /* OpportunitiesCell.swift */,
				4EF2A9F12CC074AA002E1956 /* ExploreOpportunitiesCell.swift */,
				4EF2A9FD2CC3134E002E1956 /* FiltrationCell.swift */,
			);
			path = Cells;
			sourceTree = "<group>";
		};
		F2D6C98F2CAD19F5000E1713 /* Controller */ = {
			isa = PBXGroup;
			children = (
				4EF2AA012CC31835002E1956 /* CellsHeader */,
				F2D6C9842CAD19F5000E1713 /* Cells */,
				F2D6C9852CAD19F5000E1713 /* ContainerVC.swift */,
				F2D6C98C2CAD19F5000E1713 /* NavigationVC.swift */,
				F2D6C98E2CAD19F5000E1713 /* StudentsAccountVC.swift */,
				F2D6C98B2CAD19F5000E1713 /* MapVC.swift */,
				F2D6C98A2CAD19F5000E1713 /* LoginVC.swift */,
				F2D6C9882CAD19F5000E1713 /* ForgetPasswordVC.swift */,
				F2D6C9892CAD19F5000E1713 /* HomeVC.swift */,
				F2D6C9872CAD19F5000E1713 /* ExploreVC.swift */,
				4EF2AA042CC331C3002E1956 /* OpportunityVC.swift */,
				4EF2AA062CC4C1EF002E1956 /* OrganizationVC.swift */,
				4EF2AA082CC4CB97002E1956 /* AcceptanceApplyVC.swift */,
				4EF2AA0A2CC4D09F002E1956 /* StandardAcceptanceVC.swift */,
				4EF2A9FF2CC31362002E1956 /* FiltrationVC.swift */,
				F2D6C9862CAD19F5000E1713 /* EducationVC.swift */,
				F2D6C98D2CAD19F5000E1713 /* ProfileVC.swift */,
				BE8594C12CC070C300EC84F6 /* WebVC.swift */,
				BEFB5E4F2CCBA3E000538D19 /* AboutVC.swift */,
			);
			path = Controller;
			sourceTree = "<group>";
		};
		F2D6C9922CAD19F5000E1713 /* Model */ = {
			isa = PBXGroup;
			children = (
				4EF2A9F92CC2E984002E1956 /* Organization.swift */,
				4EF2A9F72CC206CE002E1956 /* Cities.swift */,
				4EF2A9F52CC1F49C002E1956 /* Opportunity.swift */,
				4EF2AA142CC7649B002E1956 /* Icon.swift */,
				F2D6C9902CAD19F5000E1713 /* InterestCategories.swift */,
				4E5B43752CBCAB2C00F7E850 /* MenuItem.swift */,
				F2D6C9912CAD19F5000E1713 /* Student.swift */,
			);
			path = Model;
			sourceTree = "<group>";
		};
		F2D6C9972CAD19F5000E1713 /* View */ = {
			isa = PBXGroup;
			children = (
				F2D6C9942CAD19F5000E1713 /* LaunchScreen.storyboard */,
				F2D6C9962CAD19F5000E1713 /* Main.storyboard */,
			);
			path = View;
			sourceTree = "<group>";
		};
		F2D6C9982CAD19F5000E1713 /* MVC */ = {
			isa = PBXGroup;
			children = (
				F2D6C9922CAD19F5000E1713 /* Model */,
				F2D6C9972CAD19F5000E1713 /* View */,
				F2D6C98F2CAD19F5000E1713 /* Controller */,
			);
			path = MVC;
			sourceTree = "<group>";
		};
		F2D6C99B2CAD19F5000E1713 /* Services */ = {
			isa = PBXGroup;
			children = (
				F2D6C9992CAD19F5000E1713 /* AuthService.swift */,
				4EF2AA122CC7352F002E1956 /* OpportunityDataServices.swift */,
				F2D6C99A2CAD19F5000E1713 /* StudentDataServices.swift */,
				4EF2AA0C2CC5D938002E1956 /* StorageService.swift */,
			);
			path = Services;
			sourceTree = "<group>";
		};
		F2D6C9A02CAD19F5000E1713 /* Tatawei Student */ = {
			isa = PBXGroup;
			children = (
				F2D6C99F2CAD19F5000E1713 /* Tatawei Student.entitlements */,
				F2D6C96F2CAD19F5000E1713 /* App */,
				F2D6C9982CAD19F5000E1713 /* MVC */,
				F2D6C9732CAD19F5000E1713 /* Coordinator */,
				F2D6C99B2CAD19F5000E1713 /* Services */,
				F2D6C97E2CAD19F5000E1713 /* Helpers */,
				F2D6C96C2CAD19F5000E1713 /*  Extensions */,
				F2D6C97A2CAD19F5000E1713 /* Font */,
				F2D6C9822CAD19F5000E1713 /* Lottie */,
				F2D6C99C2CAD19F5000E1713 /* Assets.xcassets */,
				F2D6C99D2CAD19F5000E1713 /* GoogleService-Info.plist */,
				F2D6C99E2CAD19F5000E1713 /* Info.plist */,
			);
			path = "Tatawei Student";
			sourceTree = "<group>";
		};
/* End PBXGroup section */

/* Begin PBXNativeTarget section */
		4E14CFBF2C9E2FE400103405 /* Tatawei Student */ = {
			isa = PBXNativeTarget;
			buildConfigurationList = 4E14CFD32C9E2FE600103405 /* Build configuration list for PBXNativeTarget "Tatawei Student" */;
			buildPhases = (
				4E14CFBC2C9E2FE400103405 /* Sources */,
				4E14CFBD2C9E2FE400103405 /* Frameworks */,
				4E14CFBE2C9E2FE400103405 /* Resources */,
			);
			buildRules = (
			);
			dependencies = (
			);
			name = "Tatawei Student";
			packageProductDependencies = (
				F2D6C9592CAD0DD1000E1713 /* FirebaseDatabase */,
				F2D6C95B2CAD0DED000E1713 /* FirebaseAppCheck */,
				F2D6C95E2CAD0E1C000E1713 /* Lottie */,
				F2D6C9602CAD0E48000E1713 /* FirebaseAuth */,
				F2D6C9622CAD0E6F000E1713 /* FirebaseFirestore */,
				F2D6C9652CAD0F97000E1713 /* GoogleMaps */,
				F2D6C9682CAD1035000E1713 /* IQKeyboardManagerSwift */,
				4EF2AA0E2CC5D962002E1956 /* FirebaseStorage */,
			);
			productName = "Tatawei Student";
			productReference = 4E14CFC02C9E2FE400103405 /* Tatawei Student.app */;
			productType = "com.apple.product-type.application";
		};
/* End PBXNativeTarget section */

/* Begin PBXProject section */
		4E14CFB82C9E2FE400103405 /* Project object */ = {
			isa = PBXProject;
			attributes = {
				BuildIndependentTargetsInParallel = 1;
				LastSwiftUpdateCheck = 1600;
				LastUpgradeCheck = 1600;
				TargetAttributes = {
					4E14CFBF2C9E2FE400103405 = {
						CreatedOnToolsVersion = 16.0;
					};
				};
			};
			buildConfigurationList = 4E14CFBB2C9E2FE400103405 /* Build configuration list for PBXProject "Tatawei Student" */;
			developmentRegion = en;
			hasScannedForEncodings = 0;
			knownRegions = (
				en,
				Base,
			);
			mainGroup = 4E14CFB72C9E2FE400103405;
			minimizedProjectReferenceProxies = 1;
			packageReferences = (
				F2D6C9572CAD0D52000E1713 /* XCRemoteSwiftPackageReference "firebase-ios-sdk" */,
				F2D6C95D2CAD0E1C000E1713 /* XCRemoteSwiftPackageReference "lottie-ios" */,
				F2D6C9642CAD0F97000E1713 /* XCRemoteSwiftPackageReference "ios-maps-sdk" */,
				F2D6C9672CAD1035000E1713 /* XCRemoteSwiftPackageReference "IQKeyboardManager" */,
			);
			preferredProjectObjectVersion = 77;
			productRefGroup = 4E14CFC12C9E2FE400103405 /* Products */;
			projectDirPath = "";
			projectRoot = "";
			targets = (
				4E14CFBF2C9E2FE400103405 /* Tatawei Student */,
			);
		};
/* End PBXProject section */

/* Begin PBXResourcesBuildPhase section */
		4E14CFBE2C9E2FE400103405 /* Resources */ = {
			isa = PBXResourcesBuildPhase;
			buildActionMask = 2147483647;
			files = (
				F2D6C9BA2CAD19F5000E1713 /* CairoRegular.ttf in Resources */,
				F2D6C9BB2CAD19F5000E1713 /* CairoBlack.ttf in Resources */,
				F2D6C9BC2CAD19F5000E1713 /* CairoBold.ttf in Resources */,
				F2D6C9BD2CAD19F5000E1713 /* CairoLight.ttf in Resources */,
				F2D6C9BE2CAD19F5000E1713 /* CairoMedium.ttf in Resources */,
				F2D6C9BF2CAD19F5000E1713 /* CairoSemiBold.ttf in Resources */,
				F2D6C9C02CAD19F5000E1713 /* correct.json in Resources */,
				F2D6C9C12CAD19F5000E1713 /* loading.json in Resources */,
				F2D6C9C22CAD19F5000E1713 /* warning.json in Resources */,
				F2D6C9C32CAD19F5000E1713 /* LaunchScreen.storyboard in Resources */,
				F2D6C9C42CAD19F5000E1713 /* Main.storyboard in Resources */,
				F2D6C9C52CAD19F5000E1713 /* Assets.xcassets in Resources */,
				F2D6C9C62CAD19F5000E1713 /* GoogleService-Info.plist in Resources */,
			);
			runOnlyForDeploymentPostprocessing = 0;
		};
/* End PBXResourcesBuildPhase section */

/* Begin PBXSourcesBuildPhase section */
		4E14CFBC2C9E2FE400103405 /* Sources */ = {
			isa = PBXSourcesBuildPhase;
			buildActionMask = 2147483647;
			files = (
				F2D6C9A12CAD19F5000E1713 /* MainExtensions.swift in Sources */,
				F2D6C9A22CAD19F5000E1713 /* StringExtensions.swift in Sources */,
				F2D6C9A32CAD19F5000E1713 /* AppDelegate.swift in Sources */,
				F2D6C9A42CAD19F5000E1713 /* SceneDelegate.swift in Sources */,
				4EF2AA152CC7649E002E1956 /* Icon.swift in Sources */,
				4EF2AA052CC331C3002E1956 /* OpportunityVC.swift in Sources */,
				4E5B43782CBCAB7500F7E850 /* CustomAlertView.swift in Sources */,
				F2D6C9A52CAD19F5000E1713 /* Coordinator.swift in Sources */,
				F2D6C9A62CAD19F5000E1713 /* MainCoordinator.swift in Sources */,
				F2D6C9A72CAD19F5000E1713 /* Storyboarded.swift in Sources */,
				4EF2AA0D2CC5D93B002E1956 /* StorageService.swift in Sources */,
				F2D6C9A82CAD19F5000E1713 /* AppCheckProviderFactory.swift in Sources */,
				4EF2AA132CC7352F002E1956 /* OpportunityDataServices.swift in Sources */,
				F2D6C9A92CAD19F5000E1713 /* Constants.swift in Sources */,
				4E5B43762CBCAB2C00F7E850 /* MenuItem.swift in Sources */,
				4EF2AA092CC4CB97002E1956 /* AcceptanceApplyVC.swift in Sources */,
				4EF2A9F82CC206D8002E1956 /* Cities.swift in Sources */,
				F26CDBF52CB1B09400AAFFB6 /* OpportunitiesCell.swift in Sources */,
				F2D6C9AA2CAD19F5000E1713 /* MessageView.swift in Sources */,
				F2D6C9AB2CAD19F5000E1713 /* InterestsCell.swift in Sources */,
				F2D6C9AC2CAD19F5000E1713 /* ContainerVC.swift in Sources */,
				F2D6C9AD2CAD19F5000E1713 /* EducationVC.swift in Sources */,
				F2D6C9AE2CAD19F5000E1713 /* ExploreVC.swift in Sources */,
				F269FB0B2CB5D4A300058592 /* DashedView.swift in Sources */,
				F2D6C9AF2CAD19F5000E1713 /* ForgetPasswordVC.swift in Sources */,
				4EF2A9F62CC1F49C002E1956 /* Opportunity.swift in Sources */,
				4E5B43742CBCAAF200F7E850 /* SettingsCell.swift in Sources */,
				4EF2A9FA2CC2E988002E1956 /* Organization.swift in Sources */,
				4EF2A9FE2CC3134E002E1956 /* FiltrationCell.swift in Sources */,
				4EF2AA002CC31362002E1956 /* FiltrationVC.swift in Sources */,
				4EF2AA032CC31874002E1956 /* FiltrationHeaderView.swift in Sources */,
				F2D6C9B02CAD19F5000E1713 /* HomeVC.swift in Sources */,
				4EF2AA0B2CC4D09F002E1956 /* StandardAcceptanceVC.swift in Sources */,
				F2D6C9B12CAD19F5000E1713 /* LoginVC.swift in Sources */,
				F2D6C9B22CAD19F5000E1713 /* MapVC.swift in Sources */,
				4EF2AA072CC4C1EF002E1956 /* OrganizationVC.swift in Sources */,
				F2D6C9B32CAD19F5000E1713 /* NavigationVC.swift in Sources */,
				F2D6C9B42CAD19F5000E1713 /* ProfileVC.swift in Sources */,
				F2D6C9B52CAD19F5000E1713 /* StudentsAccountVC.swift in Sources */,
				F2D6C9B62CAD19F5000E1713 /* InterestCategories.swift in Sources */,
				F2D6C9B72CAD19F5000E1713 /* Student.swift in Sources */,
				F269FB092CB5914400058592 /* CustomBackgroundView.swift in Sources */,
				BE8594C22CC070C300EC84F6 /* WebVC.swift in Sources */,
				4EF2A9F22CC074AA002E1956 /* ExploreOpportunitiesCell.swift in Sources */,
				BEFB5E502CCBA3E000538D19 /* AboutVC.swift in Sources */,
				F2D6C9B82CAD19F5000E1713 /* AuthService.swift in Sources */,
				F2D6C9B92CAD19F5000E1713 /* StudentDataServices.swift in Sources */,
			);
			runOnlyForDeploymentPostprocessing = 0;
		};
/* End PBXSourcesBuildPhase section */

/* Begin PBXVariantGroup section */
		F2D6C9942CAD19F5000E1713 /* LaunchScreen.storyboard */ = {
			isa = PBXVariantGroup;
			children = (
				F2D6C9932CAD19F5000E1713 /* Base */,
			);
			name = LaunchScreen.storyboard;
			sourceTree = "<group>";
		};
		F2D6C9962CAD19F5000E1713 /* Main.storyboard */ = {
			isa = PBXVariantGroup;
			children = (
				F2D6C9952CAD19F5000E1713 /* Base */,
			);
			name = Main.storyboard;
			sourceTree = "<group>";
		};
/* End PBXVariantGroup section */

/* Begin XCBuildConfiguration section */
		4E14CFD42C9E2FE600103405 /* Debug */ = {
			isa = XCBuildConfiguration;
			buildSettings = {
				ASSETCATALOG_COMPILER_APPICON_NAME = AppIcon;
				ASSETCATALOG_COMPILER_GLOBAL_ACCENT_COLOR_NAME = AccentColor;
				CODE_SIGN_STYLE = Automatic;
				CURRENT_PROJECT_VERSION = 1;
				DEVELOPMENT_ASSET_PATHS = "";
				DEVELOPMENT_TEAM = 95R6F629SF;
				GENERATE_INFOPLIST_FILE = YES;
				INFOPLIST_FILE = "Tatawei Student/Info.plist";
				INFOPLIST_KEY_NSLocationAlwaysUsageDescription = "السماح للتطبيق بإستخدام موقعك";
				INFOPLIST_KEY_NSLocationWhenInUseUsageDescription = "السماح بإستخدام الموقع";
				INFOPLIST_KEY_UIApplicationSupportsIndirectInputEvents = YES;
				INFOPLIST_KEY_UILaunchStoryboardName = LaunchScreen;
				INFOPLIST_KEY_UIMainStoryboardFile = Main;
				INFOPLIST_KEY_UISupportedInterfaceOrientations = "UIInterfaceOrientationLandscapeLeft UIInterfaceOrientationLandscapeRight UIInterfaceOrientationPortrait";
				INFOPLIST_KEY_UISupportedInterfaceOrientations_iPad = "UIInterfaceOrientationPortrait UIInterfaceOrientationPortraitUpsideDown";
				IPHONEOS_DEPLOYMENT_TARGET = 17.0;
				LD_RUNPATH_SEARCH_PATHS = (
					"$(inherited)",
					"@executable_path/Frameworks",
				);
				MARKETING_VERSION = 1.0;
				PRODUCT_BUNDLE_IDENTIFIER = "a3mr.azx.Tatawei-Student";
				PRODUCT_NAME = "$(TARGET_NAME)";
				SWIFT_EMIT_LOC_STRINGS = YES;
				SWIFT_VERSION = 5.0;
				TARGETED_DEVICE_FAMILY = "1,2";
			};
			name = Debug;
		};
		4E14CFD52C9E2FE600103405 /* Release */ = {
			isa = XCBuildConfiguration;
			buildSettings = {
				ASSETCATALOG_COMPILER_APPICON_NAME = AppIcon;
				ASSETCATALOG_COMPILER_GLOBAL_ACCENT_COLOR_NAME = AccentColor;
				CODE_SIGN_STYLE = Automatic;
				CURRENT_PROJECT_VERSION = 1;
				DEVELOPMENT_ASSET_PATHS = "";
				DEVELOPMENT_TEAM = 95R6F629SF;
				GENERATE_INFOPLIST_FILE = YES;
				INFOPLIST_FILE = "Tatawei Student/Info.plist";
				INFOPLIST_KEY_NSLocationAlwaysUsageDescription = "السماح للتطبيق بإستخدام موقعك";
				INFOPLIST_KEY_NSLocationWhenInUseUsageDescription = "السماح بإستخدام الموقع";
				INFOPLIST_KEY_UIApplicationSupportsIndirectInputEvents = YES;
				INFOPLIST_KEY_UILaunchStoryboardName = LaunchScreen;
				INFOPLIST_KEY_UIMainStoryboardFile = Main;
				INFOPLIST_KEY_UISupportedInterfaceOrientations = "UIInterfaceOrientationLandscapeLeft UIInterfaceOrientationLandscapeRight UIInterfaceOrientationPortrait";
				INFOPLIST_KEY_UISupportedInterfaceOrientations_iPad = "UIInterfaceOrientationPortrait UIInterfaceOrientationPortraitUpsideDown";
				IPHONEOS_DEPLOYMENT_TARGET = 17.0;
				LD_RUNPATH_SEARCH_PATHS = (
					"$(inherited)",
					"@executable_path/Frameworks",
				);
				MARKETING_VERSION = 1.0;
				PRODUCT_BUNDLE_IDENTIFIER = "a3mr.azx.Tatawei-Student";
				PRODUCT_NAME = "$(TARGET_NAME)";
				SWIFT_EMIT_LOC_STRINGS = YES;
				SWIFT_VERSION = 5.0;
				TARGETED_DEVICE_FAMILY = "1,2";
			};
			name = Release;
		};
		4E14CFD62C9E2FE600103405 /* Debug */ = {
			isa = XCBuildConfiguration;
			buildSettings = {
				ALWAYS_SEARCH_USER_PATHS = NO;
				ASSETCATALOG_COMPILER_GENERATE_SWIFT_ASSET_SYMBOL_EXTENSIONS = YES;
				CLANG_ANALYZER_NONNULL = YES;
				CLANG_ANALYZER_NUMBER_OBJECT_CONVERSION = YES_AGGRESSIVE;
				CLANG_CXX_LANGUAGE_STANDARD = "gnu++20";
				CLANG_ENABLE_MODULES = YES;
				CLANG_ENABLE_OBJC_ARC = YES;
				CLANG_ENABLE_OBJC_WEAK = YES;
				CLANG_WARN_BLOCK_CAPTURE_AUTORELEASING = YES;
				CLANG_WARN_BOOL_CONVERSION = YES;
				CLANG_WARN_COMMA = YES;
				CLANG_WARN_CONSTANT_CONVERSION = YES;
				CLANG_WARN_DEPRECATED_OBJC_IMPLEMENTATIONS = YES;
				CLANG_WARN_DIRECT_OBJC_ISA_USAGE = YES_ERROR;
				CLANG_WARN_DOCUMENTATION_COMMENTS = YES;
				CLANG_WARN_EMPTY_BODY = YES;
				CLANG_WARN_ENUM_CONVERSION = YES;
				CLANG_WARN_INFINITE_RECURSION = YES;
				CLANG_WARN_INT_CONVERSION = YES;
				CLANG_WARN_NON_LITERAL_NULL_CONVERSION = YES;
				CLANG_WARN_OBJC_IMPLICIT_RETAIN_SELF = YES;
				CLANG_WARN_OBJC_LITERAL_CONVERSION = YES;
				CLANG_WARN_OBJC_ROOT_CLASS = YES_ERROR;
				CLANG_WARN_QUOTED_INCLUDE_IN_FRAMEWORK_HEADER = YES;
				CLANG_WARN_RANGE_LOOP_ANALYSIS = YES;
				CLANG_WARN_STRICT_PROTOTYPES = YES;
				CLANG_WARN_SUSPICIOUS_MOVE = YES;
				CLANG_WARN_UNGUARDED_AVAILABILITY = YES_AGGRESSIVE;
				CLANG_WARN_UNREACHABLE_CODE = YES;
				CLANG_WARN__DUPLICATE_METHOD_MATCH = YES;
				COPY_PHASE_STRIP = NO;
				DEBUG_INFORMATION_FORMAT = dwarf;
				ENABLE_STRICT_OBJC_MSGSEND = YES;
				ENABLE_TESTABILITY = YES;
				ENABLE_USER_SCRIPT_SANDBOXING = YES;
				GCC_C_LANGUAGE_STANDARD = gnu17;
				GCC_DYNAMIC_NO_PIC = NO;
				GCC_NO_COMMON_BLOCKS = YES;
				GCC_OPTIMIZATION_LEVEL = 0;
				GCC_PREPROCESSOR_DEFINITIONS = (
					"DEBUG=1",
					"$(inherited)",
				);
				GCC_WARN_64_TO_32_BIT_CONVERSION = YES;
				GCC_WARN_ABOUT_RETURN_TYPE = YES_ERROR;
				GCC_WARN_UNDECLARED_SELECTOR = YES;
				GCC_WARN_UNINITIALIZED_AUTOS = YES_AGGRESSIVE;
				GCC_WARN_UNUSED_FUNCTION = YES;
				GCC_WARN_UNUSED_VARIABLE = YES;
				IPHONEOS_DEPLOYMENT_TARGET = 18.0;
				LOCALIZATION_PREFERS_STRING_CATALOGS = YES;
				MTL_ENABLE_DEBUG_INFO = INCLUDE_SOURCE;
				MTL_FAST_MATH = YES;
				ONLY_ACTIVE_ARCH = YES;
				SDKROOT = iphoneos;
				SWIFT_ACTIVE_COMPILATION_CONDITIONS = "DEBUG $(inherited)";
				SWIFT_OPTIMIZATION_LEVEL = "-Onone";
			};
			name = Debug;
		};
		4E14CFD72C9E2FE600103405 /* Release */ = {
			isa = XCBuildConfiguration;
			buildSettings = {
				ALWAYS_SEARCH_USER_PATHS = NO;
				ASSETCATALOG_COMPILER_GENERATE_SWIFT_ASSET_SYMBOL_EXTENSIONS = YES;
				CLANG_ANALYZER_NONNULL = YES;
				CLANG_ANALYZER_NUMBER_OBJECT_CONVERSION = YES_AGGRESSIVE;
				CLANG_CXX_LANGUAGE_STANDARD = "gnu++20";
				CLANG_ENABLE_MODULES = YES;
				CLANG_ENABLE_OBJC_ARC = YES;
				CLANG_ENABLE_OBJC_WEAK = YES;
				CLANG_WARN_BLOCK_CAPTURE_AUTORELEASING = YES;
				CLANG_WARN_BOOL_CONVERSION = YES;
				CLANG_WARN_COMMA = YES;
				CLANG_WARN_CONSTANT_CONVERSION = YES;
				CLANG_WARN_DEPRECATED_OBJC_IMPLEMENTATIONS = YES;
				CLANG_WARN_DIRECT_OBJC_ISA_USAGE = YES_ERROR;
				CLANG_WARN_DOCUMENTATION_COMMENTS = YES;
				CLANG_WARN_EMPTY_BODY = YES;
				CLANG_WARN_ENUM_CONVERSION = YES;
				CLANG_WARN_INFINITE_RECURSION = YES;
				CLANG_WARN_INT_CONVERSION = YES;
				CLANG_WARN_NON_LITERAL_NULL_CONVERSION = YES;
				CLANG_WARN_OBJC_IMPLICIT_RETAIN_SELF = YES;
				CLANG_WARN_OBJC_LITERAL_CONVERSION = YES;
				CLANG_WARN_OBJC_ROOT_CLASS = YES_ERROR;
				CLANG_WARN_QUOTED_INCLUDE_IN_FRAMEWORK_HEADER = YES;
				CLANG_WARN_RANGE_LOOP_ANALYSIS = YES;
				CLANG_WARN_STRICT_PROTOTYPES = YES;
				CLANG_WARN_SUSPICIOUS_MOVE = YES;
				CLANG_WARN_UNGUARDED_AVAILABILITY = YES_AGGRESSIVE;
				CLANG_WARN_UNREACHABLE_CODE = YES;
				CLANG_WARN__DUPLICATE_METHOD_MATCH = YES;
				COPY_PHASE_STRIP = NO;
				DEBUG_INFORMATION_FORMAT = "dwarf-with-dsym";
				ENABLE_NS_ASSERTIONS = NO;
				ENABLE_STRICT_OBJC_MSGSEND = YES;
				ENABLE_USER_SCRIPT_SANDBOXING = YES;
				GCC_C_LANGUAGE_STANDARD = gnu17;
				GCC_NO_COMMON_BLOCKS = YES;
				GCC_WARN_64_TO_32_BIT_CONVERSION = YES;
				GCC_WARN_ABOUT_RETURN_TYPE = YES_ERROR;
				GCC_WARN_UNDECLARED_SELECTOR = YES;
				GCC_WARN_UNINITIALIZED_AUTOS = YES_AGGRESSIVE;
				GCC_WARN_UNUSED_FUNCTION = YES;
				GCC_WARN_UNUSED_VARIABLE = YES;
				IPHONEOS_DEPLOYMENT_TARGET = 18.0;
				LOCALIZATION_PREFERS_STRING_CATALOGS = YES;
				MTL_ENABLE_DEBUG_INFO = NO;
				MTL_FAST_MATH = YES;
				SDKROOT = iphoneos;
				SWIFT_COMPILATION_MODE = wholemodule;
				VALIDATE_PRODUCT = YES;
			};
			name = Release;
		};
/* End XCBuildConfiguration section */

/* Begin XCConfigurationList section */
		4E14CFBB2C9E2FE400103405 /* Build configuration list for PBXProject "Tatawei Student" */ = {
			isa = XCConfigurationList;
			buildConfigurations = (
				4E14CFD62C9E2FE600103405 /* Debug */,
				4E14CFD72C9E2FE600103405 /* Release */,
			);
			defaultConfigurationIsVisible = 0;
			defaultConfigurationName = Release;
		};
		4E14CFD32C9E2FE600103405 /* Build configuration list for PBXNativeTarget "Tatawei Student" */ = {
			isa = XCConfigurationList;
			buildConfigurations = (
				4E14CFD42C9E2FE600103405 /* Debug */,
				4E14CFD52C9E2FE600103405 /* Release */,
			);
			defaultConfigurationIsVisible = 0;
			defaultConfigurationName = Release;
		};
/* End XCConfigurationList section */

/* Begin XCRemoteSwiftPackageReference section */
		F2D6C9572CAD0D52000E1713 /* XCRemoteSwiftPackageReference "firebase-ios-sdk" */ = {
			isa = XCRemoteSwiftPackageReference;
			repositoryURL = "https://github.com/firebase/firebase-ios-sdk";
			requirement = {
				kind = upToNextMajorVersion;
				minimumVersion = 11.3.0;
			};
		};
		F2D6C95D2CAD0E1C000E1713 /* XCRemoteSwiftPackageReference "lottie-ios" */ = {
			isa = XCRemoteSwiftPackageReference;
			repositoryURL = "https://github.com/airbnb/lottie-ios.git";
			requirement = {
				kind = upToNextMajorVersion;
				minimumVersion = 4.5.0;
			};
		};
		F2D6C9642CAD0F97000E1713 /* XCRemoteSwiftPackageReference "ios-maps-sdk" */ = {
			isa = XCRemoteSwiftPackageReference;
			repositoryURL = "https://github.com/googlemaps/ios-maps-sdk.git";
			requirement = {
				kind = upToNextMajorVersion;
				minimumVersion = 9.1.1;
			};
		};
		F2D6C9672CAD1035000E1713 /* XCRemoteSwiftPackageReference "IQKeyboardManager" */ = {
			isa = XCRemoteSwiftPackageReference;
			repositoryURL = "https://github.com/hackiftekhar/IQKeyboardManager.git";
			requirement = {
				kind = upToNextMajorVersion;
				minimumVersion = 7.1.1;
			};
		};
/* End XCRemoteSwiftPackageReference section */

/* Begin XCSwiftPackageProductDependency section */
		4EF2AA0E2CC5D962002E1956 /* FirebaseStorage */ = {
			isa = XCSwiftPackageProductDependency;
			package = F2D6C9572CAD0D52000E1713 /* XCRemoteSwiftPackageReference "firebase-ios-sdk" */;
			productName = FirebaseStorage;
		};
		F2D6C9592CAD0DD1000E1713 /* FirebaseDatabase */ = {
			isa = XCSwiftPackageProductDependency;
			package = F2D6C9572CAD0D52000E1713 /* XCRemoteSwiftPackageReference "firebase-ios-sdk" */;
			productName = FirebaseDatabase;
		};
		F2D6C95B2CAD0DED000E1713 /* FirebaseAppCheck */ = {
			isa = XCSwiftPackageProductDependency;
			package = F2D6C9572CAD0D52000E1713 /* XCRemoteSwiftPackageReference "firebase-ios-sdk" */;
			productName = FirebaseAppCheck;
		};
		F2D6C95E2CAD0E1C000E1713 /* Lottie */ = {
			isa = XCSwiftPackageProductDependency;
			package = F2D6C95D2CAD0E1C000E1713 /* XCRemoteSwiftPackageReference "lottie-ios" */;
			productName = Lottie;
		};
		F2D6C9602CAD0E48000E1713 /* FirebaseAuth */ = {
			isa = XCSwiftPackageProductDependency;
			package = F2D6C9572CAD0D52000E1713 /* XCRemoteSwiftPackageReference "firebase-ios-sdk" */;
			productName = FirebaseAuth;
		};
		F2D6C9622CAD0E6F000E1713 /* FirebaseFirestore */ = {
			isa = XCSwiftPackageProductDependency;
			package = F2D6C9572CAD0D52000E1713 /* XCRemoteSwiftPackageReference "firebase-ios-sdk" */;
			productName = FirebaseFirestore;
		};
		F2D6C9652CAD0F97000E1713 /* GoogleMaps */ = {
			isa = XCSwiftPackageProductDependency;
			package = F2D6C9642CAD0F97000E1713 /* XCRemoteSwiftPackageReference "ios-maps-sdk" */;
			productName = GoogleMaps;
		};
		F2D6C9682CAD1035000E1713 /* IQKeyboardManagerSwift */ = {
			isa = XCSwiftPackageProductDependency;
			package = F2D6C9672CAD1035000E1713 /* XCRemoteSwiftPackageReference "IQKeyboardManager" */;
			productName = IQKeyboardManagerSwift;
		};
/* End XCSwiftPackageProductDependency section */
	};
	rootObject = 4E14CFB82C9E2FE400103405 /* Project object */;
}
