// !$*UTF8*$!
{
	archiveVersion = 1;
	classes = {
	};
	objectVersion = 77;
	objects = {

/* Begin PBXBuildFile section */
		4E6AD31A2C9E3C920090CC9D /* LaunchScreen.storyboard in Resources */ = {isa = PBXBuildFile; fileRef = 4E6AD3122C9E3C920090CC9D /* LaunchScreen.storyboard */; };
		4E6AD31B2C9E3C920090CC9D /* Main.storyboard in Resources */ = {isa = PBXBuildFile; fileRef = 4E6AD3142C9E3C920090CC9D /* Main.storyboard */; };
		4E6AD31C2C9E3C920090CC9D /* Assets.xcassets in Resources */ = {isa = PBXBuildFile; fileRef = 4E6AD3172C9E3C920090CC9D /* Assets.xcassets */; };
		4E6AD31E2C9E3C920090CC9D /* AppDelegate.swift in Sources */ = {isa = PBXBuildFile; fileRef = 4E6AD30B2C9E3C920090CC9D /* AppDelegate.swift */; };
		4E6AD31F2C9E3C920090CC9D /* SceneDelegate.swift in Sources */ = {isa = PBXBuildFile; fileRef = 4E6AD30C2C9E3C920090CC9D /* SceneDelegate.swift */; };
		4E6AD3262C9E3CC40090CC9D /* Storyboarded.swift in Sources */ = {isa = PBXBuildFile; fileRef = 4E6AD3242C9E3CC40090CC9D /* Storyboarded.swift */; };
		4E6AD3272C9E3CC40090CC9D /* MainCoordinator.swift in Sources */ = {isa = PBXBuildFile; fileRef = 4E6AD3232C9E3CC40090CC9D /* MainCoordinator.swift */; };
		4E6AD3282C9E3CC40090CC9D /* Coordinator.swift in Sources */ = {isa = PBXBuildFile; fileRef = 4E6AD3212C9E3CC40090CC9D /* Coordinator.swift */; };
		4E6AD32D2C9E3CF30090CC9D /* ContainerVC.swift in Sources */ = {isa = PBXBuildFile; fileRef = 4E6AD32A2C9E3CF30090CC9D /* ContainerVC.swift */; };
		4E6AD32F2C9E3D1D0090CC9D /* NavigationVC.swift in Sources */ = {isa = PBXBuildFile; fileRef = 4E6AD32E2C9E3D1A0090CC9D /* NavigationVC.swift */; };
		4E6AD3322C9E3E690090CC9D /* MainExtensions.swift in Sources */ = {isa = PBXBuildFile; fileRef = 4E6AD3302C9E3E690090CC9D /* MainExtensions.swift */; };
		4E6AD3362C9E6C6C0090CC9D /* HomeVC.swift in Sources */ = {isa = PBXBuildFile; fileRef = 4E6AD3352C9E6C6C0090CC9D /* HomeVC.swift */; };
		4E6AD3382C9E6C800090CC9D /* ExploreVC.swift in Sources */ = {isa = PBXBuildFile; fileRef = 4E6AD3372C9E6C800090CC9D /* ExploreVC.swift */; };
		4E6AD33A2C9E6CDE0090CC9D /* EducationVC.swift in Sources */ = {isa = PBXBuildFile; fileRef = 4E6AD3392C9E6CDE0090CC9D /* EducationVC.swift */; };
		4E6AD33C2C9E6CFC0090CC9D /* ProfileVC.swift in Sources */ = {isa = PBXBuildFile; fileRef = 4E6AD33B2C9E6CFC0090CC9D /* ProfileVC.swift */; };
/* End PBXBuildFile section */

/* Begin PBXFileReference section */
		4E14CFC02C9E2FE400103405 /* Tatawei Student.app */ = {isa = PBXFileReference; explicitFileType = wrapper.application; includeInIndex = 0; path = "Tatawei Student.app"; sourceTree = BUILT_PRODUCTS_DIR; };
		4E6AD26D2C9E34DB0090CC9D /* omar.xcodeproj */ = {isa = PBXFileReference; lastKnownFileType = "wrapper.pb-project"; path = omar.xcodeproj; sourceTree = "<group>"; };
		4E6AD30B2C9E3C920090CC9D /* AppDelegate.swift */ = {isa = PBXFileReference; lastKnownFileType = sourcecode.swift; path = AppDelegate.swift; sourceTree = "<group>"; };
		4E6AD30C2C9E3C920090CC9D /* SceneDelegate.swift */ = {isa = PBXFileReference; lastKnownFileType = sourcecode.swift; path = SceneDelegate.swift; sourceTree = "<group>"; };
		4E6AD3112C9E3C920090CC9D /* Base */ = {isa = PBXFileReference; lastKnownFileType = file.storyboard; name = Base; path = Base.lproj/LaunchScreen.storyboard; sourceTree = "<group>"; };
		4E6AD3132C9E3C920090CC9D /* Base */ = {isa = PBXFileReference; lastKnownFileType = file.storyboard; name = Base; path = Base.lproj/Main.storyboard; sourceTree = "<group>"; };
		4E6AD3172C9E3C920090CC9D /* Assets.xcassets */ = {isa = PBXFileReference; lastKnownFileType = folder.assetcatalog; path = Assets.xcassets; sourceTree = "<group>"; };
		4E6AD3182C9E3C920090CC9D /* Info.plist */ = {isa = PBXFileReference; lastKnownFileType = text.plist.xml; path = Info.plist; sourceTree = "<group>"; };
		4E6AD3212C9E3CC40090CC9D /* Coordinator.swift */ = {isa = PBXFileReference; lastKnownFileType = sourcecode.swift; path = Coordinator.swift; sourceTree = "<group>"; };
		4E6AD3232C9E3CC40090CC9D /* MainCoordinator.swift */ = {isa = PBXFileReference; lastKnownFileType = sourcecode.swift; path = MainCoordinator.swift; sourceTree = "<group>"; };
		4E6AD3242C9E3CC40090CC9D /* Storyboarded.swift */ = {isa = PBXFileReference; lastKnownFileType = sourcecode.swift; path = Storyboarded.swift; sourceTree = "<group>"; };
		4E6AD32A2C9E3CF30090CC9D /* ContainerVC.swift */ = {isa = PBXFileReference; lastKnownFileType = sourcecode.swift; path = ContainerVC.swift; sourceTree = "<group>"; };
		4E6AD32E2C9E3D1A0090CC9D /* NavigationVC.swift */ = {isa = PBXFileReference; lastKnownFileType = sourcecode.swift; path = NavigationVC.swift; sourceTree = "<group>"; };
		4E6AD3302C9E3E690090CC9D /* MainExtensions.swift */ = {isa = PBXFileReference; lastKnownFileType = sourcecode.swift; path = MainExtensions.swift; sourceTree = "<group>"; };
		4E6AD3352C9E6C6C0090CC9D /* HomeVC.swift */ = {isa = PBXFileReference; lastKnownFileType = sourcecode.swift; path = HomeVC.swift; sourceTree = "<group>"; };
		4E6AD3372C9E6C800090CC9D /* ExploreVC.swift */ = {isa = PBXFileReference; lastKnownFileType = sourcecode.swift; path = ExploreVC.swift; sourceTree = "<group>"; };
		4E6AD3392C9E6CDE0090CC9D /* EducationVC.swift */ = {isa = PBXFileReference; lastKnownFileType = sourcecode.swift; path = EducationVC.swift; sourceTree = "<group>"; };
		4E6AD33B2C9E6CFC0090CC9D /* ProfileVC.swift */ = {isa = PBXFileReference; lastKnownFileType = sourcecode.swift; path = ProfileVC.swift; sourceTree = "<group>"; };
/* End PBXFileReference section */

/* Begin PBXFrameworksBuildPhase section */
		4E14CFBD2C9E2FE400103405 /* Frameworks */ = {
			isa = PBXFrameworksBuildPhase;
			buildActionMask = 2147483647;
			files = (
			);
			runOnlyForDeploymentPostprocessing = 0;
		};
/* End PBXFrameworksBuildPhase section */

/* Begin PBXGroup section */
		4E14CFB72C9E2FE400103405 = {
			isa = PBXGroup;
			children = (
				4E6AD3192C9E3C920090CC9D /* Tatawei Student */,
				4E14CFC12C9E2FE400103405 /* Products */,
			);
			sourceTree = "<group>";
		};
		4E14CFC12C9E2FE400103405 /* Products */ = {
			isa = PBXGroup;
			children = (
				4E14CFC02C9E2FE400103405 /* Tatawei Student.app */,
			);
			name = Products;
			sourceTree = "<group>";
		};
		4E6AD2742C9E34DB0090CC9D /* Products */ = {
			isa = PBXGroup;
			name = Products;
			sourceTree = "<group>";
		};
		4E6AD30D2C9E3C920090CC9D /* App */ = {
			isa = PBXGroup;
			children = (
				4E6AD30B2C9E3C920090CC9D /* AppDelegate.swift */,
				4E6AD30C2C9E3C920090CC9D /* SceneDelegate.swift */,
			);
			path = App;
			sourceTree = "<group>";
		};
		4E6AD30F2C9E3C920090CC9D /* Controller */ = {
			isa = PBXGroup;
			children = (
				4E6AD32A2C9E3CF30090CC9D /* ContainerVC.swift */,
				4E6AD32E2C9E3D1A0090CC9D /* NavigationVC.swift */,
				4E6AD3352C9E6C6C0090CC9D /* HomeVC.swift */,
				4E6AD3372C9E6C800090CC9D /* ExploreVC.swift */,
				4E6AD3392C9E6CDE0090CC9D /* EducationVC.swift */,
				4E6AD33B2C9E6CFC0090CC9D /* ProfileVC.swift */,
			);
			path = Controller;
			sourceTree = "<group>";
		};
		4E6AD3102C9E3C920090CC9D /* Model */ = {
			isa = PBXGroup;
			children = (
			);
			path = Model;
			sourceTree = "<group>";
		};
		4E6AD3152C9E3C920090CC9D /* View */ = {
			isa = PBXGroup;
			children = (
				4E6AD3122C9E3C920090CC9D /* LaunchScreen.storyboard */,
				4E6AD3142C9E3C920090CC9D /* Main.storyboard */,
			);
			path = View;
			sourceTree = "<group>";
		};
		4E6AD3162C9E3C920090CC9D /* MVC */ = {
			isa = PBXGroup;
			children = (
				4E6AD3102C9E3C920090CC9D /* Model */,
				4E6AD3152C9E3C920090CC9D /* View */,
				4E6AD30F2C9E3C920090CC9D /* Controller */,
			);
			path = MVC;
			sourceTree = "<group>";
		};
		4E6AD3192C9E3C920090CC9D /* Tatawei Student */ = {
			isa = PBXGroup;
			children = (
				4E6AD30D2C9E3C920090CC9D /* App */,
				4E6AD3162C9E3C920090CC9D /* MVC */,
				4E6AD3252C9E3CC40090CC9D /* Coordinator */,
				4E6AD3312C9E3E690090CC9D /* Extantions */,
				4E6AD3172C9E3C920090CC9D /* Assets.xcassets */,
				4E6AD3182C9E3C920090CC9D /* Info.plist */,
			);
			path = "Tatawei Student";
			sourceTree = "<group>";
		};
		4E6AD3252C9E3CC40090CC9D /* Coordinator */ = {
			isa = PBXGroup;
			children = (
				4E6AD3212C9E3CC40090CC9D /* Coordinator.swift */,
				4E6AD3242C9E3CC40090CC9D /* Storyboarded.swift */,
				4E6AD3232C9E3CC40090CC9D /* MainCoordinator.swift */,
			);
			path = Coordinator;
			sourceTree = "<group>";
		};
		4E6AD3312C9E3E690090CC9D /* Extantions */ = {
			isa = PBXGroup;
			children = (
				4E6AD3302C9E3E690090CC9D /* MainExtensions.swift */,
			);
			path = Extantions;
			sourceTree = "<group>";
		};
/* End PBXGroup section */

/* Begin PBXNativeTarget section */
		4E14CFBF2C9E2FE400103405 /* Tatawei Student */ = {
			isa = PBXNativeTarget;
			buildConfigurationList = 4E14CFD32C9E2FE600103405 /* Build configuration list for PBXNativeTarget "Tatawei Student" */;
			buildPhases = (
				4E14CFBC2C9E2FE400103405 /* Sources */,
				4E14CFBD2C9E2FE400103405 /* Frameworks */,
				4E14CFBE2C9E2FE400103405 /* Resources */,
			);
			buildRules = (
			);
			dependencies = (
			);
			name = "Tatawei Student";
			packageProductDependencies = (
			);
			productName = "Tatawei Student";
			productReference = 4E14CFC02C9E2FE400103405 /* Tatawei Student.app */;
			productType = "com.apple.product-type.application";
		};
/* End PBXNativeTarget section */

/* Begin PBXProject section */
		4E14CFB82C9E2FE400103405 /* Project object */ = {
			isa = PBXProject;
			attributes = {
				BuildIndependentTargetsInParallel = 1;
				LastSwiftUpdateCheck = 1600;
				LastUpgradeCheck = 1600;
				TargetAttributes = {
					4E14CFBF2C9E2FE400103405 = {
						CreatedOnToolsVersion = 16.0;
					};
				};
			};
			buildConfigurationList = 4E14CFBB2C9E2FE400103405 /* Build configuration list for PBXProject "Tatawei Student" */;
			developmentRegion = en;
			hasScannedForEncodings = 0;
			knownRegions = (
				en,
				Base,
			);
			mainGroup = 4E14CFB72C9E2FE400103405;
			minimizedProjectReferenceProxies = 1;
			preferredProjectObjectVersion = 77;
			productRefGroup = 4E14CFC12C9E2FE400103405 /* Products */;
			projectDirPath = "";
			projectReferences = (
				{
					ProductGroup = 4E6AD2742C9E34DB0090CC9D /* Products */;
					ProjectRef = 4E6AD26D2C9E34DB0090CC9D /* omar.xcodeproj */;
				},
			);
			projectRoot = "";
			targets = (
				4E14CFBF2C9E2FE400103405 /* Tatawei Student */,
			);
		};
/* End PBXProject section */

/* Begin PBXResourcesBuildPhase section */
		4E14CFBE2C9E2FE400103405 /* Resources */ = {
			isa = PBXResourcesBuildPhase;
			buildActionMask = 2147483647;
			files = (
				4E6AD31A2C9E3C920090CC9D /* LaunchScreen.storyboard in Resources */,
				4E6AD31B2C9E3C920090CC9D /* Main.storyboard in Resources */,
				4E6AD31C2C9E3C920090CC9D /* Assets.xcassets in Resources */,
			);
			runOnlyForDeploymentPostprocessing = 0;
		};
/* End PBXResourcesBuildPhase section */

/* Begin PBXSourcesBuildPhase section */
		4E14CFBC2C9E2FE400103405 /* Sources */ = {
			isa = PBXSourcesBuildPhase;
			buildActionMask = 2147483647;
			files = (
				4E6AD33C2C9E6CFC0090CC9D /* ProfileVC.swift in Sources */,
				4E6AD31E2C9E3C920090CC9D /* AppDelegate.swift in Sources */,
				4E6AD31F2C9E3C920090CC9D /* SceneDelegate.swift in Sources */,
				4E6AD3382C9E6C800090CC9D /* ExploreVC.swift in Sources */,
				4E6AD33A2C9E6CDE0090CC9D /* EducationVC.swift in Sources */,
				4E6AD3262C9E3CC40090CC9D /* Storyboarded.swift in Sources */,
				4E6AD3362C9E6C6C0090CC9D /* HomeVC.swift in Sources */,
				4E6AD32F2C9E3D1D0090CC9D /* NavigationVC.swift in Sources */,
				4E6AD3272C9E3CC40090CC9D /* MainCoordinator.swift in Sources */,
				4E6AD3282C9E3CC40090CC9D /* Coordinator.swift in Sources */,
				4E6AD3322C9E3E690090CC9D /* MainExtensions.swift in Sources */,
				4E6AD32D2C9E3CF30090CC9D /* ContainerVC.swift in Sources */,
			);
			runOnlyForDeploymentPostprocessing = 0;
		};
/* End PBXSourcesBuildPhase section */

/* Begin PBXVariantGroup section */
		4E6AD3122C9E3C920090CC9D /* LaunchScreen.storyboard */ = {
			isa = PBXVariantGroup;
			children = (
				4E6AD3112C9E3C920090CC9D /* Base */,
			);
			name = LaunchScreen.storyboard;
			sourceTree = "<group>";
		};
		4E6AD3142C9E3C920090CC9D /* Main.storyboard */ = {
			isa = PBXVariantGroup;
			children = (
				4E6AD3132C9E3C920090CC9D /* Base */,
			);
			name = Main.storyboard;
			sourceTree = "<group>";
		};
/* End PBXVariantGroup section */

/* Begin XCBuildConfiguration section */
		4E14CFD42C9E2FE600103405 /* Debug */ = {
			isa = XCBuildConfiguration;
			buildSettings = {
				ASSETCATALOG_COMPILER_APPICON_NAME = AppIcon;
				ASSETCATALOG_COMPILER_GLOBAL_ACCENT_COLOR_NAME = AccentColor;
				CODE_SIGN_STYLE = Automatic;
				CURRENT_PROJECT_VERSION = 1;
				DEVELOPMENT_TEAM = 95R6F629SF;
				GENERATE_INFOPLIST_FILE = YES;
				INFOPLIST_FILE = "Tatawei Student/Info.plist";
				INFOPLIST_KEY_UIApplicationSupportsIndirectInputEvents = YES;
				INFOPLIST_KEY_UILaunchStoryboardName = LaunchScreen;
				INFOPLIST_KEY_UIMainStoryboardFile = Main;
				INFOPLIST_KEY_UISupportedInterfaceOrientations_iPad = "UIInterfaceOrientationPortrait UIInterfaceOrientationPortraitUpsideDown UIInterfaceOrientationLandscapeLeft UIInterfaceOrientationLandscapeRight";
				INFOPLIST_KEY_UISupportedInterfaceOrientations_iPhone = "UIInterfaceOrientationPortrait UIInterfaceOrientationLandscapeLeft UIInterfaceOrientationLandscapeRight";
				LD_RUNPATH_SEARCH_PATHS = (
					"$(inherited)",
					"@executable_path/Frameworks",
				);
				MARKETING_VERSION = 1.0;
				PRODUCT_BUNDLE_IDENTIFIER = "a3mr.azx.Tatawei-Student";
				PRODUCT_NAME = "$(TARGET_NAME)";
				SWIFT_EMIT_LOC_STRINGS = YES;
				SWIFT_VERSION = 5.0;
				TARGETED_DEVICE_FAMILY = "1,2";
			};
			name = Debug;
		};
		4E14CFD52C9E2FE600103405 /* Release */ = {
			isa = XCBuildConfiguration;
			buildSettings = {
				ASSETCATALOG_COMPILER_APPICON_NAME = AppIcon;
				ASSETCATALOG_COMPILER_GLOBAL_ACCENT_COLOR_NAME = AccentColor;
				CODE_SIGN_STYLE = Automatic;
				CURRENT_PROJECT_VERSION = 1;
				DEVELOPMENT_TEAM = 95R6F629SF;
				GENERATE_INFOPLIST_FILE = YES;
				INFOPLIST_FILE = "Tatawei Student/Info.plist";
				INFOPLIST_KEY_UIApplicationSupportsIndirectInputEvents = YES;
				INFOPLIST_KEY_UILaunchStoryboardName = LaunchScreen;
				INFOPLIST_KEY_UIMainStoryboardFile = Main;
				INFOPLIST_KEY_UISupportedInterfaceOrientations_iPad = "UIInterfaceOrientationPortrait UIInterfaceOrientationPortraitUpsideDown UIInterfaceOrientationLandscapeLeft UIInterfaceOrientationLandscapeRight";
				INFOPLIST_KEY_UISupportedInterfaceOrientations_iPhone = "UIInterfaceOrientationPortrait UIInterfaceOrientationLandscapeLeft UIInterfaceOrientationLandscapeRight";
				LD_RUNPATH_SEARCH_PATHS = (
					"$(inherited)",
					"@executable_path/Frameworks",
				);
				MARKETING_VERSION = 1.0;
				PRODUCT_BUNDLE_IDENTIFIER = "a3mr.azx.Tatawei-Student";
				PRODUCT_NAME = "$(TARGET_NAME)";
				SWIFT_EMIT_LOC_STRINGS = YES;
				SWIFT_VERSION = 5.0;
				TARGETED_DEVICE_FAMILY = "1,2";
			};
			name = Release;
		};
		4E14CFD62C9E2FE600103405 /* Debug */ = {
			isa = XCBuildConfiguration;
			buildSettings = {
				ALWAYS_SEARCH_USER_PATHS = NO;
				ASSETCATALOG_COMPILER_GENERATE_SWIFT_ASSET_SYMBOL_EXTENSIONS = YES;
				CLANG_ANALYZER_NONNULL = YES;
				CLANG_ANALYZER_NUMBER_OBJECT_CONVERSION = YES_AGGRESSIVE;
				CLANG_CXX_LANGUAGE_STANDARD = "gnu++20";
				CLANG_ENABLE_MODULES = YES;
				CLANG_ENABLE_OBJC_ARC = YES;
				CLANG_ENABLE_OBJC_WEAK = YES;
				CLANG_WARN_BLOCK_CAPTURE_AUTORELEASING = YES;
				CLANG_WARN_BOOL_CONVERSION = YES;
				CLANG_WARN_COMMA = YES;
				CLANG_WARN_CONSTANT_CONVERSION = YES;
				CLANG_WARN_DEPRECATED_OBJC_IMPLEMENTATIONS = YES;
				CLANG_WARN_DIRECT_OBJC_ISA_USAGE = YES_ERROR;
				CLANG_WARN_DOCUMENTATION_COMMENTS = YES;
				CLANG_WARN_EMPTY_BODY = YES;
				CLANG_WARN_ENUM_CONVERSION = YES;
				CLANG_WARN_INFINITE_RECURSION = YES;
				CLANG_WARN_INT_CONVERSION = YES;
				CLANG_WARN_NON_LITERAL_NULL_CONVERSION = YES;
				CLANG_WARN_OBJC_IMPLICIT_RETAIN_SELF = YES;
				CLANG_WARN_OBJC_LITERAL_CONVERSION = YES;
				CLANG_WARN_OBJC_ROOT_CLASS = YES_ERROR;
				CLANG_WARN_QUOTED_INCLUDE_IN_FRAMEWORK_HEADER = YES;
				CLANG_WARN_RANGE_LOOP_ANALYSIS = YES;
				CLANG_WARN_STRICT_PROTOTYPES = YES;
				CLANG_WARN_SUSPICIOUS_MOVE = YES;
				CLANG_WARN_UNGUARDED_AVAILABILITY = YES_AGGRESSIVE;
				CLANG_WARN_UNREACHABLE_CODE = YES;
				CLANG_WARN__DUPLICATE_METHOD_MATCH = YES;
				COPY_PHASE_STRIP = NO;
				DEBUG_INFORMATION_FORMAT = dwarf;
				ENABLE_STRICT_OBJC_MSGSEND = YES;
				ENABLE_TESTABILITY = YES;
				ENABLE_USER_SCRIPT_SANDBOXING = YES;
				GCC_C_LANGUAGE_STANDARD = gnu17;
				GCC_DYNAMIC_NO_PIC = NO;
				GCC_NO_COMMON_BLOCKS = YES;
				GCC_OPTIMIZATION_LEVEL = 0;
				GCC_PREPROCESSOR_DEFINITIONS = (
					"DEBUG=1",
					"$(inherited)",
				);
				GCC_WARN_64_TO_32_BIT_CONVERSION = YES;
				GCC_WARN_ABOUT_RETURN_TYPE = YES_ERROR;
				GCC_WARN_UNDECLARED_SELECTOR = YES;
				GCC_WARN_UNINITIALIZED_AUTOS = YES_AGGRESSIVE;
				GCC_WARN_UNUSED_FUNCTION = YES;
				GCC_WARN_UNUSED_VARIABLE = YES;
				IPHONEOS_DEPLOYMENT_TARGET = 18.0;
				LOCALIZATION_PREFERS_STRING_CATALOGS = YES;
				MTL_ENABLE_DEBUG_INFO = INCLUDE_SOURCE;
				MTL_FAST_MATH = YES;
				ONLY_ACTIVE_ARCH = YES;
				SDKROOT = iphoneos;
				SWIFT_ACTIVE_COMPILATION_CONDITIONS = "DEBUG $(inherited)";
				SWIFT_OPTIMIZATION_LEVEL = "-Onone";
			};
			name = Debug;
		};
		4E14CFD72C9E2FE600103405 /* Release */ = {
			isa = XCBuildConfiguration;
			buildSettings = {
				ALWAYS_SEARCH_USER_PATHS = NO;
				ASSETCATALOG_COMPILER_GENERATE_SWIFT_ASSET_SYMBOL_EXTENSIONS = YES;
				CLANG_ANALYZER_NONNULL = YES;
				CLANG_ANALYZER_NUMBER_OBJECT_CONVERSION = YES_AGGRESSIVE;
				CLANG_CXX_LANGUAGE_STANDARD = "gnu++20";
				CLANG_ENABLE_MODULES = YES;
				CLANG_ENABLE_OBJC_ARC = YES;
				CLANG_ENABLE_OBJC_WEAK = YES;
				CLANG_WARN_BLOCK_CAPTURE_AUTORELEASING = YES;
				CLANG_WARN_BOOL_CONVERSION = YES;
				CLANG_WARN_COMMA = YES;
				CLANG_WARN_CONSTANT_CONVERSION = YES;
				CLANG_WARN_DEPRECATED_OBJC_IMPLEMENTATIONS = YES;
				CLANG_WARN_DIRECT_OBJC_ISA_USAGE = YES_ERROR;
				CLANG_WARN_DOCUMENTATION_COMMENTS = YES;
				CLANG_WARN_EMPTY_BODY = YES;
				CLANG_WARN_ENUM_CONVERSION = YES;
				CLANG_WARN_INFINITE_RECURSION = YES;
				CLANG_WARN_INT_CONVERSION = YES;
				CLANG_WARN_NON_LITERAL_NULL_CONVERSION = YES;
				CLANG_WARN_OBJC_IMPLICIT_RETAIN_SELF = YES;
				CLANG_WARN_OBJC_LITERAL_CONVERSION = YES;
				CLANG_WARN_OBJC_ROOT_CLASS = YES_ERROR;
				CLANG_WARN_QUOTED_INCLUDE_IN_FRAMEWORK_HEADER = YES;
				CLANG_WARN_RANGE_LOOP_ANALYSIS = YES;
				CLANG_WARN_STRICT_PROTOTYPES = YES;
				CLANG_WARN_SUSPICIOUS_MOVE = YES;
				CLANG_WARN_UNGUARDED_AVAILABILITY = YES_AGGRESSIVE;
				CLANG_WARN_UNREACHABLE_CODE = YES;
				CLANG_WARN__DUPLICATE_METHOD_MATCH = YES;
				COPY_PHASE_STRIP = NO;
				DEBUG_INFORMATION_FORMAT = "dwarf-with-dsym";
				ENABLE_NS_ASSERTIONS = NO;
				ENABLE_STRICT_OBJC_MSGSEND = YES;
				ENABLE_USER_SCRIPT_SANDBOXING = YES;
				GCC_C_LANGUAGE_STANDARD = gnu17;
				GCC_NO_COMMON_BLOCKS = YES;
				GCC_WARN_64_TO_32_BIT_CONVERSION = YES;
				GCC_WARN_ABOUT_RETURN_TYPE = YES_ERROR;
				GCC_WARN_UNDECLARED_SELECTOR = YES;
				GCC_WARN_UNINITIALIZED_AUTOS = YES_AGGRESSIVE;
				GCC_WARN_UNUSED_FUNCTION = YES;
				GCC_WARN_UNUSED_VARIABLE = YES;
				IPHONEOS_DEPLOYMENT_TARGET = 18.0;
				LOCALIZATION_PREFERS_STRING_CATALOGS = YES;
				MTL_ENABLE_DEBUG_INFO = NO;
				MTL_FAST_MATH = YES;
				SDKROOT = iphoneos;
				SWIFT_COMPILATION_MODE = wholemodule;
				VALIDATE_PRODUCT = YES;
			};
			name = Release;
		};
/* End XCBuildConfiguration section */

/* Begin XCConfigurationList section */
		4E14CFBB2C9E2FE400103405 /* Build configuration list for PBXProject "Tatawei Student" */ = {
			isa = XCConfigurationList;
			buildConfigurations = (
				4E14CFD62C9E2FE600103405 /* Debug */,
				4E14CFD72C9E2FE600103405 /* Release */,
			);
			defaultConfigurationIsVisible = 0;
			defaultConfigurationName = Release;
		};
		4E14CFD32C9E2FE600103405 /* Build configuration list for PBXNativeTarget "Tatawei Student" */ = {
			isa = XCConfigurationList;
			buildConfigurations = (
				4E14CFD42C9E2FE600103405 /* Debug */,
				4E14CFD52C9E2FE600103405 /* Release */,
			);
			defaultConfigurationIsVisible = 0;
			defaultConfigurationName = Release;
		};
/* End XCConfigurationList section */
	};
	rootObject = 4E14CFB82C9E2FE400103405 /* Project object */;
}
